
Microsoft Visual Studio Solution File, Format Version 12.00
# Visual Studio 14
VisualStudioVersion = 14.0.25420.1
MinimumVisualStudioVersion = 10.0.40219.1
Project("{FAE04EC0-301F-11D3-BF4B-00C04F79EFBC}") = "Gestionale.Gui", "Gestionale.Gui\Gestionale.Gui.csproj", "{43DE7EBB-3F93-483D-8C05-D55DD821DAFB}"
EndProject
Global
	GlobalSection(SolutionConfigurationPlatforms) = preSolution
		Debug|Any CPU = Debug|Any CPU
		Release|Any CPU = Release|Any CPU
	EndGlobalSection
	GlobalSection(ProjectConfigurationPlatforms) = postSolution
		{43DE7EBB-3F93-483D-8C05-D55DD821DAFB}.Debug|Any CPU.ActiveCfg = Debug|Any CPU
		{43DE7EBB-3F93-483D-8C05-D55DD821DAFB}.Debug|Any CPU.Build.0 = Debug|Any CPU
		{43DE7EBB-3F93-483D-8C05-D55DD821DAFB}.Release|Any CPU.ActiveCfg = Release|Any CPU
		{43DE7EBB-3F93-483D-8C05-D55DD821DAFB}.Release|Any CPU.Build.0 = Release|Any CPU
	EndGlobalSection
	GlobalSection(SolutionProperties) = preSolution
		HideSolutionNode = FALSE
	EndGlobalSection
EndGlobal
